
Microsoft Visual Studio Solution File, Format Version 12.00
# Visual Studio 15
VisualStudioVersion = 15.0.27703.2042
MinimumVisualStudioVersion = 10.0.40219.1
Project("{9A19103F-16F7-4668-BE54-9A1E7A4F7556}") = "CDKAutoline.Service", "CDKAutoline.Service\CDKAutoline.Service.csproj", "{D3370407-D423-4803-80C9-C020B6924560}"
EndProject
Project("{FAE04EC0-301F-11D3-BF4B-00C04F79EFBC}") = "Service.Contract", "Service.Contract\Service.Contract.csproj", "{774102EA-1C01-4090-9214-A089B35A7F50}"
EndProject
Project("{FAE04EC0-301F-11D3-BF4B-00C04F79EFBC}") = "Service.Implementation", "Service.Implementation\Service.Implementation.csproj", "{2E801762-8CA0-4C2B-A395-8E89DC44DFFA}"
EndProject
Project("{FAE04EC0-301F-11D3-BF4B-00C04F79EFBC}") = "Service.Tests", "Service.Tests\Service.Tests.csproj", "{519AD6E8-B464-453A-82FF-7E7D13FE5C88}"
EndProject
Global
	GlobalSection(SolutionConfigurationPlatforms) = preSolution
		Debug|Any CPU = Debug|Any CPU
		Release|Any CPU = Release|Any CPU
	EndGlobalSection
	GlobalSection(ProjectConfigurationPlatforms) = postSolution
		{D3370407-D423-4803-80C9-C020B6924560}.Debug|Any CPU.ActiveCfg = Debug|Any CPU
		{D3370407-D423-4803-80C9-C020B6924560}.Debug|Any CPU.Build.0 = Debug|Any CPU
		{D3370407-D423-4803-80C9-C020B6924560}.Release|Any CPU.ActiveCfg = Release|Any CPU
		{D3370407-D423-4803-80C9-C020B6924560}.Release|Any CPU.Build.0 = Release|Any CPU
		{774102EA-1C01-4090-9214-A089B35A7F50}.Debug|Any CPU.ActiveCfg = Debug|Any CPU
		{774102EA-1C01-4090-9214-A089B35A7F50}.Debug|Any CPU.Build.0 = Debug|Any CPU
		{774102EA-1C01-4090-9214-A089B35A7F50}.Release|Any CPU.ActiveCfg = Release|Any CPU
		{774102EA-1C01-4090-9214-A089B35A7F50}.Release|Any CPU.Build.0 = Release|Any CPU
		{2E801762-8CA0-4C2B-A395-8E89DC44DFFA}.Debug|Any CPU.ActiveCfg = Debug|Any CPU
		{2E801762-8CA0-4C2B-A395-8E89DC44DFFA}.Debug|Any CPU.Build.0 = Debug|Any CPU
		{2E801762-8CA0-4C2B-A395-8E89DC44DFFA}.Release|Any CPU.ActiveCfg = Release|Any CPU
		{2E801762-8CA0-4C2B-A395-8E89DC44DFFA}.Release|Any CPU.Build.0 = Release|Any CPU
		{519AD6E8-B464-453A-82FF-7E7D13FE5C88}.Debug|Any CPU.ActiveCfg = Debug|Any CPU
		{519AD6E8-B464-453A-82FF-7E7D13FE5C88}.Debug|Any CPU.Build.0 = Debug|Any CPU
		{519AD6E8-B464-453A-82FF-7E7D13FE5C88}.Release|Any CPU.ActiveCfg = Release|Any CPU
		{519AD6E8-B464-453A-82FF-7E7D13FE5C88}.Release|Any CPU.Build.0 = Release|Any CPU
	EndGlobalSection
	GlobalSection(SolutionProperties) = preSolution
		HideSolutionNode = FALSE
	EndGlobalSection
	GlobalSection(ExtensibilityGlobals) = postSolution
		SolutionGuid = {5C43E090-2EBD-41A8-AA07-22ECEEE67281}
	EndGlobalSection
EndGlobal
